<?xml version="1.0" encoding="utf-8"?>
<Project ToolsVersion="4.0" xmlns="http://schemas.microsoft.com/developer/msbuild/2003">
  <ItemGroup>
    <Filter Include="Source Files">
      <UniqueIdentifier>{4FC737F1-C7A5-4376-A066-2A32D752A2FF}</UniqueIdentifier>
      <Extensions>cpp;c;cc;cxx;c++;cppm;ixx;def;odl;idl;hpj;bat;asm;asmx</Extensions>
    </Filter>
    <Filter Include="Header Files">
      <UniqueIdentifier>{93995380-89BD-4b04-88EB-625FBE52EBFB}</UniqueIdentifier>
      <Extensions>h;hh;hpp;hxx;h++;hm;inl;inc;ipp;xsd</Extensions>
    </Filter>
    <Filter Include="Resource Files">
      <UniqueIdentifier>{67DA6AB6-F800-4c08-8B7A-83BB121AAD01}</UniqueIdentifier>
      <Extensions>rc;ico;cur;bmp;dlg;rc2;rct;bin;rgs;gif;jpg;jpeg;jpe;resx;tiff;tif;png;wav;mfcribbon-ms</Extensions>
    </Filter>
    <Filter Include="Header Files\AccountInfo">
      <UniqueIdentifier>{388dee7b-591a-409b-8157-38c27bbb2519}</UniqueIdentifier>
    </Filter>
    <Filter Include="Source Files\JawelBank">
      <UniqueIdentifier>{cb6031ef-2bf5-4dc3-aea8-0961c82afbf8}</UniqueIdentifier>
    </Filter>
    <Filter Include="Source Files\Window">
      <UniqueIdentifier>{f0775581-5725-484a-8f89-b45692253b66}</UniqueIdentifier>
    </Filter>
    <Filter Include="Source Files\SocketClient">
      <UniqueIdentifier>{2b501fcd-a252-4fcc-b481-62a7b09cf22b}</UniqueIdentifier>
    </Filter>
    <Filter Include="Source Files\Command">
      <UniqueIdentifier>{7cc0ea1d-dfe7-4f60-96b6-59bc9c516b02}</UniqueIdentifier>
    </Filter>
    <Filter Include="Source Files\MainInfo">
      <UniqueIdentifier>{8e414efc-0060-4c0c-8a11-28c6eb747889}</UniqueIdentifier>
    </Filter>
  </ItemGroup>
  <ItemGroup>
    <ClInclude Include="framework.h">
      <Filter>Header Files</Filter>
    </ClInclude>
    <ClInclude Include="pch.h">
      <Filter>Header Files</Filter>
    </ClInclude>
    <ClInclude Include="AccountInfo.h">
      <Filter>Header Files\AccountInfo</Filter>
    </ClInclude>
    <ClInclude Include="resource.h">
      <Filter>Header Files</Filter>
    </ClInclude>
    <ClInclude Include="JawelBank.h">
      <Filter>Source Files\JawelBank</Filter>
    </ClInclude>
    <ClInclude Include="IWindow.h">
      <Filter>Source Files\Window</Filter>
    </ClInclude>
    <ClInclude Include="WindowRegister.h">
      <Filter>Source Files\Window</Filter>
    </ClInclude>
    <ClInclude Include="ISocketClient.h">
      <Filter>Source Files\SocketClient</Filter>
    </ClInclude>
    <ClInclude Include="SocketClient.h">
      <Filter>Source Files\SocketClient</Filter>
    </ClInclude>
    <ClInclude Include="Protocol.h">
      <Filter>Header Files</Filter>
    </ClInclude>
    <ClInclude Include="CommandHandler.h">
      <Filter>Source Files\Command</Filter>
    </ClInclude>
    <ClInclude Include="MainInfo.h">
      <Filter>Source Files\MainInfo</Filter>
    </ClInclude>
  </ItemGroup>
  <ItemGroup>
    <ClCompile Include="dllmain.cpp">
      <Filter>Source Files</Filter>
    </ClCompile>
    <ClCompile Include="pch.cpp">
      <Filter>Source Files</Filter>
    </ClCompile>
    <ClCompile Include="JawelBank.cpp">
      <Filter>Source Files\JawelBank</Filter>
    </ClCompile>
    <ClCompile Include="WindowRegister.cpp">
      <Filter>Source Files\Window</Filter>
    </ClCompile>
    <ClCompile Include="SocketClient.cpp">
      <Filter>Source Files\SocketClient</Filter>
    </ClCompile>
    <ClCompile Include="CommandHandler.cpp">
      <Filter>Source Files\Command</Filter>
    </ClCompile>
    <ClCompile Include="MainInfo.cpp">
      <Filter>Source Files\MainInfo</Filter>
    </ClCompile>
  </ItemGroup>
  <ItemGroup>
    <ResourceCompile Include="SSeMuClienteInterface.rc">
      <Filter>Resource Files</Filter>
    </ResourceCompile>
  </ItemGroup>
  <ItemGroup>
    <Image Include="C:\Users\hanre\OneDrive\Imagens\jawelbank_btn.bmp">
      <Filter>Resource Files</Filter>
    </Image>
  </ItemGroup>
</Project>